
Microsoft Visual Studio Solution File, Format Version 12.00
# Visual Studio Version 16
VisualStudioVersion = 16.0.33423.256
MinimumVisualStudioVersion = 10.0.40219.1
Project("{FAE04EC0-301F-11D3-BF4B-00C04F79EFBC}") = "Moderatopanel", "Moderatopanel\Moderatopanel.csproj", "{FDE0FFB1-1C1C-449F-B3C7-C03E70CC7F75}"
EndProject
Global
	GlobalSection(SolutionConfigurationPlatforms) = preSolution
		Debug|Any CPU = Debug|Any CPU
		Release|Any CPU = Release|Any CPU
	EndGlobalSection
	GlobalSection(ProjectConfigurationPlatforms) = postSolution
		{FDE0FFB1-1C1C-449F-B3C7-C03E70CC7F75}.Debug|Any CPU.ActiveCfg = Debug|Any CPU
		{FDE0FFB1-1C1C-449F-B3C7-C03E70CC7F75}.Debug|Any CPU.Build.0 = Debug|Any CPU
		{FDE0FFB1-1C1C-449F-B3C7-C03E70CC7F75}.Release|Any CPU.ActiveCfg = Release|Any CPU
		{FDE0FFB1-1C1C-449F-B3C7-C03E70CC7F75}.Release|Any CPU.Build.0 = Release|Any CPU
	EndGlobalSection
	GlobalSection(SolutionProperties) = preSolution
		HideSolutionNode = FALSE
	EndGlobalSection
	GlobalSection(ExtensibilityGlobals) = postSolution
		SolutionGuid = {DA4AA33C-41F7-41A5-8541-641243A46022}
	EndGlobalSection
EndGlobal
